# THIS IS AN AUTOGENERATED FILE. DO NOT EDIT THIS FILE DIRECTLY.
# yarn lockfile v1


"@ministryofjustice/frontend@1.6.4":
  version "1.6.4"
  resolved "https://registry.npmjs.org/@ministryofjustice/frontend/-/frontend-1.6.4.tgz"
  integrity sha512-+tL1FolgPxo1jYw6zDcvqyVA0zHigW0QAn4NQbfHKwOb/rhny49iVud6PhzK4zguZds+sQQ0yzHpanROsmWLOw==
  dependencies:
    govuk-frontend "^3.0.0 || ^4.0.0"
    moment "^2.27.0"

"govuk-frontend@^3.0.0 || ^4.0.0", govuk-frontend@4.5.0:
  version "4.5.0"
  resolved "https://registry.npmjs.org/govuk-frontend/-/govuk-frontend-4.5.0.tgz"
  integrity sha512-gZHDqf5vdlHjmx0NGJiNT12XLyR3d5KCS4AnlC3xTWOObJ0kQROrkIFyp3w4/PY3EQiYdgacVaJ6lizzygnzYw==

jquery@^3.6.0:
  version "3.6.4"
  resolved "https://registry.npmjs.org/jquery/-/jquery-3.6.4.tgz"
  integrity sha512-v28EW9DWDFpzcD9O5iyJXg3R3+q+mET5JhnjJzQUZMHOv67bpSIHq81GEYpPNZHG+XXHsfSme3nxp/hndKEcsQ==

moment@^2.27.0:
  version "2.29.4"
  resolved "https://registry.npmjs.org/moment/-/moment-2.29.4.tgz"
  integrity sha512-5LC9SOxjSc2HF6vO2CyuTDNivEdoz2IvyJJGj6X8DJ0eFyfszE0QiEd+iXmBvUP3WHxSjFH/vIsA0EN00cgr8w==

yarn@^1.22.19:
  version "1.22.19"
  resolved "https://registry.npmjs.org/yarn/-/yarn-1.22.19.tgz"
  integrity sha512-/0V5q0WbslqnwP91tirOvldvYISzaqhClxzyUKXYxs07yUILIs5jx/k6CFe8bvKSkds5w+eiOqta39Wk3WxdcQ==
