dependencies:
- name: postgresql
  repository: https://charts.bitnami.com/bitnami
  version: 15.5.23
- name: redis
  repository: https://charts.bitnami.com/bitnami
  version: 17.15.2
digest: sha256:55fcdb35e19330e821b911eeac7a04f521455368df47ba0e8e5ac28d50581074
generated: "2024-08-21T13:44:37.891894+01:00"
